
Microsoft Visual Studio Solution File, Format Version 12.00
# Visual Studio Version 17
VisualStudioVersion = 17.8.34408.163
MinimumVisualStudioVersion = 10.0.40219.1
Project("{FAE04EC0-301F-11D3-BF4B-00C04F79EFBC}") = "BTS_Mitarbeiterverwaltung", "BTS_Mitarbeiterverwaltung.csproj", "{D9853710-D656-469D-96D0-B910D57C41A1}"
EndProject
Global
	GlobalSection(SolutionConfigurationPlatforms) = preSolution
		Debug|Any CPU = Debug|Any CPU
		Release|Any CPU = Release|Any CPU
	EndGlobalSection
	GlobalSection(ProjectConfigurationPlatforms) = postSolution
		{D9853710-D656-469D-96D0-B910D57C41A1}.Debug|Any CPU.ActiveCfg = Debug|Any CPU
		{D9853710-D656-469D-96D0-B910D57C41A1}.Debug|Any CPU.Build.0 = Debug|Any CPU
		{D9853710-D656-469D-96D0-B910D57C41A1}.Release|Any CPU.ActiveCfg = Release|Any CPU
		{D9853710-D656-469D-96D0-B910D57C41A1}.Release|Any CPU.Build.0 = Release|Any CPU
	EndGlobalSection
	GlobalSection(SolutionProperties) = preSolution
		HideSolutionNode = FALSE
	EndGlobalSection
	GlobalSection(ExtensibilityGlobals) = postSolution
		SolutionGuid = {69EC2D90-70CE-45E5-BBAC-A8B5ABD7AAE5}
	EndGlobalSection
EndGlobal
